
Microsoft Visual Studio Solution File, Format Version 12.00
# Visual Studio Version 17
VisualStudioVersion = 17.9.34728.123
MinimumVisualStudioVersion = 10.0.40219.1
Project("{FAE04EC0-301F-11D3-BF4B-00C04F79EFBC}") = "KlientA", "KlientA.csproj", "{FEE314FE-BADD-485C-99C4-51339A44B823}"
EndProject
Project("{FAE04EC0-301F-11D3-BF4B-00C04F79EFBC}") = "Wiadomosci", "..\Wiadomosci\Wiadomosci.csproj", "{4FFC2505-115F-468F-8764-19FB58EB0EB5}"
EndProject
Global
	GlobalSection(SolutionConfigurationPlatforms) = preSolution
		Debug|Any CPU = Debug|Any CPU
		Release|Any CPU = Release|Any CPU
	EndGlobalSection
	GlobalSection(ProjectConfigurationPlatforms) = postSolution
		{FEE314FE-BADD-485C-99C4-51339A44B823}.Debug|Any CPU.ActiveCfg = Debug|Any CPU
		{FEE314FE-BADD-485C-99C4-51339A44B823}.Debug|Any CPU.Build.0 = Debug|Any CPU
		{FEE314FE-BADD-485C-99C4-51339A44B823}.Release|Any CPU.ActiveCfg = Release|Any CPU
		{FEE314FE-BADD-485C-99C4-51339A44B823}.Release|Any CPU.Build.0 = Release|Any CPU
		{4FFC2505-115F-468F-8764-19FB58EB0EB5}.Debug|Any CPU.ActiveCfg = Debug|Any CPU
		{4FFC2505-115F-468F-8764-19FB58EB0EB5}.Debug|Any CPU.Build.0 = Debug|Any CPU
		{4FFC2505-115F-468F-8764-19FB58EB0EB5}.Release|Any CPU.ActiveCfg = Release|Any CPU
		{4FFC2505-115F-468F-8764-19FB58EB0EB5}.Release|Any CPU.Build.0 = Release|Any CPU
	EndGlobalSection
	GlobalSection(SolutionProperties) = preSolution
		HideSolutionNode = FALSE
	EndGlobalSection
	GlobalSection(ExtensibilityGlobals) = postSolution
		SolutionGuid = {A7C5F004-E1DA-4A77-B246-80731CAEB40F}
	EndGlobalSection
EndGlobal
