
Microsoft Visual Studio Solution File, Format Version 12.00
# Visual Studio Version 17
VisualStudioVersion = 17.9.34728.123
MinimumVisualStudioVersion = 10.0.40219.1
Project("{FAE04EC0-301F-11D3-BF4B-00C04F79EFBC}") = "KlientB", "KlientB.csproj", "{B0474B8C-5F85-4288-8551-58EBAE26F2A5}"
EndProject
Project("{FAE04EC0-301F-11D3-BF4B-00C04F79EFBC}") = "Wiadomosci", "..\Wiadomosci\Wiadomosci.csproj", "{4FFC2505-115F-468F-8764-19FB58EB0EB5}"
EndProject
Global
	GlobalSection(SolutionConfigurationPlatforms) = preSolution
		Debug|Any CPU = Debug|Any CPU
		Release|Any CPU = Release|Any CPU
	EndGlobalSection
	GlobalSection(ProjectConfigurationPlatforms) = postSolution
		{B0474B8C-5F85-4288-8551-58EBAE26F2A5}.Debug|Any CPU.ActiveCfg = Debug|Any CPU
		{B0474B8C-5F85-4288-8551-58EBAE26F2A5}.Debug|Any CPU.Build.0 = Debug|Any CPU
		{B0474B8C-5F85-4288-8551-58EBAE26F2A5}.Release|Any CPU.ActiveCfg = Release|Any CPU
		{B0474B8C-5F85-4288-8551-58EBAE26F2A5}.Release|Any CPU.Build.0 = Release|Any CPU
		{4FFC2505-115F-468F-8764-19FB58EB0EB5}.Debug|Any CPU.ActiveCfg = Debug|Any CPU
		{4FFC2505-115F-468F-8764-19FB58EB0EB5}.Debug|Any CPU.Build.0 = Debug|Any CPU
		{4FFC2505-115F-468F-8764-19FB58EB0EB5}.Release|Any CPU.ActiveCfg = Release|Any CPU
		{4FFC2505-115F-468F-8764-19FB58EB0EB5}.Release|Any CPU.Build.0 = Release|Any CPU
	EndGlobalSection
	GlobalSection(SolutionProperties) = preSolution
		HideSolutionNode = FALSE
	EndGlobalSection
	GlobalSection(ExtensibilityGlobals) = postSolution
		SolutionGuid = {0B1DABFE-248C-4966-91D5-06BDAF4D39BE}
	EndGlobalSection
EndGlobal
